{
  "name": "@bikehopper/node-tippecanoe",
  "version": "0.3.3",
  "lockfileVersion": 3,
  "requires": true,
  "packages": {
    "": {
      "name": "@bikehopper/node-tippecanoe",
      "version": "0.3.3",
      "license": "BSD-2-Clause",
      "bin": {
        "node-tippecanoe": "cli.js"
      }
    }
  }
}
